# auto-generated by grc.converter

id: flaress_sub_int64
label: Sub
category: '[flaress]'

templates:
    imports: from gnuradio import flaress
    make: flaress.sub_${type.fcn}(${vlen})

parameters:
-   id: type
    label: IO Type
    dtype: enum
    options: [f64, s64]
    option_labels: [Float64, Int64]
    option_attributes:
        fcn: [double, int64]
    hide: part
-   id: vlen
    label: Vec Length
    dtype: int
    default: '1'
    hide: ${ 'part' if vlen == 1 else 'none' }

inputs:
-   domain: stream
    dtype: ${ type }
    vlen: ${ vlen }
    multiplicity: '2'

outputs:
-   domain: stream
    dtype: ${ type }
    vlen: ${ vlen }

asserts:
- ${ vlen > 0 }

file_format: 1
