# auto-generated by grc.converter

id: flaress_float_to_double
label: Float To Double
category: '[flaress]'

templates:
    imports: from gnuradio import flaress
    make: flaress.float_to_double()

inputs:
-   domain: stream
    dtype: float

outputs:
-   domain: stream
    dtype: f64

file_format: 1
